{
  "requires": true,
  "lockfileVersion": 1,
  "dependencies": {
    "@angular/animations": {
      "version": "7.0.4",
      "resolved": "https://registry.npmjs.org/@angular/animations/-/animations-7.0.4.tgz",
      "integrity": "sha512-QfFikT0FzYNMjdVg0LWTBijdu9JDJyzejnhCFlXxv+KR4zolpRK98/rU7CFW1Fg2jjL3/yL9PT1sf5I0fTJZYA==",
      "requires": {
        "tslib": "^1.9.0"
      }
    },
    "@angular/cdk": {
      "version": "7.0.4",
      "resolved": "https://registry.npmjs.org/@angular/cdk/-/cdk-7.0.4.tgz",
      "integrity": "sha512-4KbuiVLonwNwzwgJqKOvjqXfXKrdboPzFwk4vGruQV/EhGh6L8V4gy+ESS4seUuYYsMA9k+ijEeO9xUX+pAcZw==",
      "requires": {
        "parse5": "^5.0.0",
        "tslib": "^1.7.1"
      }
    },
    "@angular/material": {
      "version": "7.0.4",
      "resolved": "https://registry.npmjs.org/@angular/material/-/material-7.0.4.tgz",
      "integrity": "sha512-LoDtg6srT9WPEn4bsiJqU1uXJ6bd28FtSc7prDYaPb5ogTj1zaur4LWJ7GjPK1haq4rW4W2NMTuayIsqpdGfSA==",
      "requires": {
        "tslib": "^1.7.1"
      }
    },
    "parse5": {
      "version": "5.1.0",
      "resolved": "https://registry.npmjs.org/parse5/-/parse5-5.1.0.tgz",
      "integrity": "sha512-fxNG2sQjHvlVAYmzBZS9YlDp6PTSSDwa98vkD4QgVDDCAo84z5X1t5XyJQ62ImdLXx5NdIIfihey6xpum9/gRQ=="
    },
    "tslib": {
      "version": "1.9.3",
      "resolved": "https://registry.npmjs.org/tslib/-/tslib-1.9.3.tgz",
      "integrity": "sha512-4krF8scpejhaOgqzBEcGM7yDIEfi0/8+8zDRZhNZZ2kjmHJ4hv3zCbQWxoJGz1iw5U0Jl0nma13xzHXcncMavQ=="
    }
  }
}
